// !$*UTF8*$!
{
	archiveVersion = 1;
	classes = {
	};
	objectVersion = 56;
	objects = {

/* Begin PBXBuildFile section */
		6F2930E12BDAAE3500A8EA4F /* HomePageView.swift in Sources */ = {isa = PBXBuildFile; fileRef = 6F2930E02BDAAE3500A8EA4F /* HomePageView.swift */; };
		6F2930E32BE24B8100A8EA4F /* Lottie7.json in Resources */ = {isa = PBXBuildFile; fileRef = 6F2930E22BE24B8100A8EA4F /* Lottie7.json */; };
		6F49CF962BE37441003AD329 /* Lottie5.json in Resources */ = {isa = PBXBuildFile; fileRef = 6F49CF952BE37441003AD329 /* Lottie5.json */; };
		6F49CF982BE3745D003AD329 /* Lottie6.json in Resources */ = {isa = PBXBuildFile; fileRef = 6F49CF972BE3745D003AD329 /* Lottie6.json */; };
		6F6795A12BC87C9E00937E8A /* SplashScreenView.swift in Sources */ = {isa = PBXBuildFile; fileRef = 6F6795A02BC87C9E00937E8A /* SplashScreenView.swift */; };
		6F6795A32BC87E2900937E8A /* Lottie4.json in Resources */ = {isa = PBXBuildFile; fileRef = 6F6795A22BC87E2900937E8A /* Lottie4.json */; };
		6F6E58712BD6A7AB00197BFA /* WavesFilled.swift in Sources */ = {isa = PBXBuildFile; fileRef = 6F6E58702BD6A7AB00197BFA /* WavesFilled.swift */; };
		6F6E58732BD6A7BA00197BFA /* WavesAnimated.swift in Sources */ = {isa = PBXBuildFile; fileRef = 6F6E58722BD6A7BA00197BFA /* WavesAnimated.swift */; };
		6F6E58752BD6A7D400197BFA /* WavesOverlapping.swift in Sources */ = {isa = PBXBuildFile; fileRef = 6F6E58742BD6A7D400197BFA /* WavesOverlapping.swift */; };
		6F6E58772BD6A80300197BFA /* Wave.swift in Sources */ = {isa = PBXBuildFile; fileRef = 6F6E58762BD6A80300197BFA /* Wave.swift */; };
		6FC825AC2BC811F600799F52 /* TypingAnimationView.swift in Sources */ = {isa = PBXBuildFile; fileRef = 6FC825AB2BC811F600799F52 /* TypingAnimationView.swift */; };
		6FC825AF2BC816F000799F52 /* Lottie in Frameworks */ = {isa = PBXBuildFile; productRef = 6FC825AE2BC816F000799F52 /* Lottie */; };
		6FC825B32BC82AF800799F52 /* Lottie.swift in Sources */ = {isa = PBXBuildFile; fileRef = 6FC825B22BC82AF800799F52 /* Lottie.swift */; };
		6FC825B72BC82B7C00799F52 /* Lottie2.json in Resources */ = {isa = PBXBuildFile; fileRef = 6FC825B42BC82B7C00799F52 /* Lottie2.json */; };
		6FC825B82BC82B7C00799F52 /* Lottie3.json in Resources */ = {isa = PBXBuildFile; fileRef = 6FC825B52BC82B7C00799F52 /* Lottie3.json */; };
		6FC825B92BC82B7C00799F52 /* Lottie1.json in Resources */ = {isa = PBXBuildFile; fileRef = 6FC825B62BC82B7C00799F52 /* Lottie1.json */; };
		6FC825BB2BC831BE00799F52 /* BackgroundModifier.swift in Sources */ = {isa = PBXBuildFile; fileRef = 6FC825BA2BC831BE00799F52 /* BackgroundModifier.swift */; };
		6FC825BE2BC8386B00799F52 /* AnimateText in Frameworks */ = {isa = PBXBuildFile; productRef = 6FC825BD2BC8386B00799F52 /* AnimateText */; };
		B40AC7562BA080F800D81D13 /* SocialDooApp.swift in Sources */ = {isa = PBXBuildFile; fileRef = B40AC7552BA080F800D81D13 /* SocialDooApp.swift */; };
		B40AC75A2BA080F800D81D13 /* Assets.xcassets in Resources */ = {isa = PBXBuildFile; fileRef = B40AC7592BA080F800D81D13 /* Assets.xcassets */; };
		B40AC75D2BA080F800D81D13 /* Preview Assets.xcassets in Resources */ = {isa = PBXBuildFile; fileRef = B40AC75C2BA080F800D81D13 /* Preview Assets.xcassets */; };
		B40AC7652BA0870300D81D13 /* FirebaseAnalytics in Frameworks */ = {isa = PBXBuildFile; productRef = B40AC7642BA0870300D81D13 /* FirebaseAnalytics */; };
		B40AC7672BA0870300D81D13 /* FirebaseAppCheck in Frameworks */ = {isa = PBXBuildFile; productRef = B40AC7662BA0870300D81D13 /* FirebaseAppCheck */; };
		B40AC7692BA0870300D81D13 /* FirebaseAuth in Frameworks */ = {isa = PBXBuildFile; productRef = B40AC7682BA0870300D81D13 /* FirebaseAuth */; };
		B40AC76B2BA0870300D81D13 /* FirebaseCrashlytics in Frameworks */ = {isa = PBXBuildFile; productRef = B40AC76A2BA0870300D81D13 /* FirebaseCrashlytics */; };
		B40AC76D2BA0870300D81D13 /* FirebaseDynamicLinks in Frameworks */ = {isa = PBXBuildFile; productRef = B40AC76C2BA0870300D81D13 /* FirebaseDynamicLinks */; };
		B40AC76F2BA0870300D81D13 /* FirebaseFirestore in Frameworks */ = {isa = PBXBuildFile; productRef = B40AC76E2BA0870300D81D13 /* FirebaseFirestore */; };
		B40AC7712BA0870300D81D13 /* FirebaseFunctions in Frameworks */ = {isa = PBXBuildFile; productRef = B40AC7702BA0870300D81D13 /* FirebaseFunctions */; };
		B40AC7732BA0870300D81D13 /* FirebaseMessaging in Frameworks */ = {isa = PBXBuildFile; productRef = B40AC7722BA0870300D81D13 /* FirebaseMessaging */; };
		B40AC7752BA0870300D81D13 /* FirebasePerformance in Frameworks */ = {isa = PBXBuildFile; productRef = B40AC7742BA0870300D81D13 /* FirebasePerformance */; };
		B40AC7772BA0870300D81D13 /* FirebaseRemoteConfig in Frameworks */ = {isa = PBXBuildFile; productRef = B40AC7762BA0870300D81D13 /* FirebaseRemoteConfig */; };
		B40AC7792BA0870300D81D13 /* FirebaseStorage in Frameworks */ = {isa = PBXBuildFile; productRef = B40AC7782BA0870300D81D13 /* FirebaseStorage */; };
		B40AC77B2BA087D600D81D13 /* UserManager.swift in Sources */ = {isa = PBXBuildFile; fileRef = B40AC77A2BA087D600D81D13 /* UserManager.swift */; };
		B40EEDD52BAAEE65001034E6 /* PostView.swift in Sources */ = {isa = PBXBuildFile; fileRef = B40EEDD42BAAEE65001034E6 /* PostView.swift */; };
		B40EEDD92BAAEE83001034E6 /* FeedViewModel.swift in Sources */ = {isa = PBXBuildFile; fileRef = B40EEDD82BAAEE83001034E6 /* FeedViewModel.swift */; };
		B40EEDDB2BAB1961001034E6 /* Practise.swift in Sources */ = {isa = PBXBuildFile; fileRef = B40EEDDA2BAB1961001034E6 /* Practise.swift */; };
		B40EEDDE2BAB1A35001034E6 /* SFSafeSymbols in Frameworks */ = {isa = PBXBuildFile; productRef = B40EEDDD2BAB1A35001034E6 /* SFSafeSymbols */; };
		B43AAAA22BA1E3A7006C18AB /* GoogleService-Info.plist in Resources */ = {isa = PBXBuildFile; fileRef = B43AAAA12BA1E3A7006C18AB /* GoogleService-Info.plist */; };
		B43AAAA42BA1EA7C006C18AB /* SocialUser.swift in Sources */ = {isa = PBXBuildFile; fileRef = B43AAAA32BA1EA7C006C18AB /* SocialUser.swift */; };
		B43AAAAA2BA1F6F6006C18AB /* OnboardingView.swift in Sources */ = {isa = PBXBuildFile; fileRef = B43AAAA92BA1F6F6006C18AB /* OnboardingView.swift */; };
		B43AAAAC2BA1F6FE006C18AB /* RootView.swift in Sources */ = {isa = PBXBuildFile; fileRef = B43AAAAB2BA1F6FE006C18AB /* RootView.swift */; };
		B43AAAB02BA1FA45006C18AB /* UserListView.swift in Sources */ = {isa = PBXBuildFile; fileRef = B43AAAAF2BA1FA45006C18AB /* UserListView.swift */; };
		B43AAAB22BA20083006C18AB /* ProfileView.swift in Sources */ = {isa = PBXBuildFile; fileRef = B43AAAB12BA20083006C18AB /* ProfileView.swift */; };
		B46C2C3F2BA99C6F000B3590 /* Todo.swift in Sources */ = {isa = PBXBuildFile; fileRef = B46C2C3E2BA99C6F000B3590 /* Todo.swift */; };
		B46C2C422BA99D9E000B3590 /* TodoListView.swift in Sources */ = {isa = PBXBuildFile; fileRef = B46C2C412BA99D9E000B3590 /* TodoListView.swift */; };
		B46C2C442BA9A0EE000B3590 /* FinishTodoView.swift in Sources */ = {isa = PBXBuildFile; fileRef = B46C2C432BA9A0EE000B3590 /* FinishTodoView.swift */; };
		B46C2C492BA9AACD000B3590 /* StackRouter.swift in Sources */ = {isa = PBXBuildFile; fileRef = B46C2C482BA9AACD000B3590 /* StackRouter.swift */; };
		B46C2C4B2BA9D03A000B3590 /* SocialPost.swift in Sources */ = {isa = PBXBuildFile; fileRef = B46C2C4A2BA9D03A000B3590 /* SocialPost.swift */; };
		B46C2C4E2BA9D6EC000B3590 /* FeedView.swift in Sources */ = {isa = PBXBuildFile; fileRef = B46C2C4D2BA9D6EC000B3590 /* FeedView.swift */; };
		B4BFAE872BBD982E0076B0F3 /* GoogleMobileAds in Frameworks */ = {isa = PBXBuildFile; productRef = B4BFAE862BBD982E0076B0F3 /* GoogleMobileAds */; };
		B4BFAE8A2BBD99FF0076B0F3 /* AdManager.swift in Sources */ = {isa = PBXBuildFile; fileRef = B4BFAE892BBD99FF0076B0F3 /* AdManager.swift */; };
/* End PBXBuildFile section */

/* Begin PBXFileReference section */
		6F2930E02BDAAE3500A8EA4F /* HomePageView.swift */ = {isa = PBXFileReference; lastKnownFileType = sourcecode.swift; path = HomePageView.swift; sourceTree = "<group>"; };
		6F2930E22BE24B8100A8EA4F /* Lottie7.json */ = {isa = PBXFileReference; fileEncoding = 4; lastKnownFileType = text.json; path = Lottie7.json; sourceTree = "<group>"; };
		6F49CF952BE37441003AD329 /* Lottie5.json */ = {isa = PBXFileReference; fileEncoding = 4; lastKnownFileType = text.json; name = Lottie5.json; path = ../../../../SocialDoo/Lottie5.json; sourceTree = "<group>"; };
		6F49CF972BE3745D003AD329 /* Lottie6.json */ = {isa = PBXFileReference; fileEncoding = 4; lastKnownFileType = text.json; name = Lottie6.json; path = ../../../../SocialDoo/Lottie6.json; sourceTree = "<group>"; };
		6F6795A02BC87C9E00937E8A /* SplashScreenView.swift */ = {isa = PBXFileReference; lastKnownFileType = sourcecode.swift; path = SplashScreenView.swift; sourceTree = "<group>"; };
		6F6795A22BC87E2900937E8A /* Lottie4.json */ = {isa = PBXFileReference; fileEncoding = 4; lastKnownFileType = text.json; path = Lottie4.json; sourceTree = "<group>"; };
		6F6E58702BD6A7AB00197BFA /* WavesFilled.swift */ = {isa = PBXFileReference; lastKnownFileType = sourcecode.swift; path = WavesFilled.swift; sourceTree = "<group>"; };
		6F6E58722BD6A7BA00197BFA /* WavesAnimated.swift */ = {isa = PBXFileReference; lastKnownFileType = sourcecode.swift; path = WavesAnimated.swift; sourceTree = "<group>"; };
		6F6E58742BD6A7D400197BFA /* WavesOverlapping.swift */ = {isa = PBXFileReference; lastKnownFileType = sourcecode.swift; path = WavesOverlapping.swift; sourceTree = "<group>"; };
		6F6E58762BD6A80300197BFA /* Wave.swift */ = {isa = PBXFileReference; lastKnownFileType = sourcecode.swift; path = Wave.swift; sourceTree = "<group>"; };
		6FC825AB2BC811F600799F52 /* TypingAnimationView.swift */ = {isa = PBXFileReference; lastKnownFileType = sourcecode.swift; path = TypingAnimationView.swift; sourceTree = "<group>"; };
		6FC825B22BC82AF800799F52 /* Lottie.swift */ = {isa = PBXFileReference; lastKnownFileType = sourcecode.swift; path = Lottie.swift; sourceTree = "<group>"; };
		6FC825B42BC82B7C00799F52 /* Lottie2.json */ = {isa = PBXFileReference; fileEncoding = 4; lastKnownFileType = text.json; path = Lottie2.json; sourceTree = "<group>"; };
		6FC825B52BC82B7C00799F52 /* Lottie3.json */ = {isa = PBXFileReference; fileEncoding = 4; lastKnownFileType = text.json; path = Lottie3.json; sourceTree = "<group>"; };
		6FC825B62BC82B7C00799F52 /* Lottie1.json */ = {isa = PBXFileReference; fileEncoding = 4; lastKnownFileType = text.json; path = Lottie1.json; sourceTree = "<group>"; };
		6FC825BA2BC831BE00799F52 /* BackgroundModifier.swift */ = {isa = PBXFileReference; lastKnownFileType = sourcecode.swift; path = BackgroundModifier.swift; sourceTree = "<group>"; };
		B40AC7522BA080F800D81D13 /* SocialDoo.app */ = {isa = PBXFileReference; explicitFileType = wrapper.application; includeInIndex = 0; path = SocialDoo.app; sourceTree = BUILT_PRODUCTS_DIR; };
		B40AC7552BA080F800D81D13 /* SocialDooApp.swift */ = {isa = PBXFileReference; lastKnownFileType = sourcecode.swift; path = SocialDooApp.swift; sourceTree = "<group>"; };
		B40AC7592BA080F800D81D13 /* Assets.xcassets */ = {isa = PBXFileReference; lastKnownFileType = folder.assetcatalog; path = Assets.xcassets; sourceTree = "<group>"; };
		B40AC75C2BA080F800D81D13 /* Preview Assets.xcassets */ = {isa = PBXFileReference; lastKnownFileType = folder.assetcatalog; path = "Preview Assets.xcassets"; sourceTree = "<group>"; };
		B40AC77A2BA087D600D81D13 /* UserManager.swift */ = {isa = PBXFileReference; lastKnownFileType = sourcecode.swift; path = UserManager.swift; sourceTree = "<group>"; };
		B40EEDD42BAAEE65001034E6 /* PostView.swift */ = {isa = PBXFileReference; lastKnownFileType = sourcecode.swift; path = PostView.swift; sourceTree = "<group>"; };
		B40EEDD82BAAEE83001034E6 /* FeedViewModel.swift */ = {isa = PBXFileReference; lastKnownFileType = sourcecode.swift; path = FeedViewModel.swift; sourceTree = "<group>"; };
		B40EEDDA2BAB1961001034E6 /* Practise.swift */ = {isa = PBXFileReference; lastKnownFileType = sourcecode.swift; path = Practise.swift; sourceTree = "<group>"; };
		B43AAAA12BA1E3A7006C18AB /* GoogleService-Info.plist */ = {isa = PBXFileReference; fileEncoding = 4; lastKnownFileType = text.plist.xml; path = "GoogleService-Info.plist"; sourceTree = "<group>"; };
		B43AAAA32BA1EA7C006C18AB /* SocialUser.swift */ = {isa = PBXFileReference; lastKnownFileType = sourcecode.swift; path = SocialUser.swift; sourceTree = "<group>"; };
		B43AAAA92BA1F6F6006C18AB /* OnboardingView.swift */ = {isa = PBXFileReference; lastKnownFileType = sourcecode.swift; path = OnboardingView.swift; sourceTree = "<group>"; };
		B43AAAAB2BA1F6FE006C18AB /* RootView.swift */ = {isa = PBXFileReference; lastKnownFileType = sourcecode.swift; path = RootView.swift; sourceTree = "<group>"; };
		B43AAAAF2BA1FA45006C18AB /* UserListView.swift */ = {isa = PBXFileReference; lastKnownFileType = sourcecode.swift; path = UserListView.swift; sourceTree = "<group>"; };
		B43AAAB12BA20083006C18AB /* ProfileView.swift */ = {isa = PBXFileReference; lastKnownFileType = sourcecode.swift; path = ProfileView.swift; sourceTree = "<group>"; };
		B46C2C3E2BA99C6F000B3590 /* Todo.swift */ = {isa = PBXFileReference; lastKnownFileType = sourcecode.swift; path = Todo.swift; sourceTree = "<group>"; };
		B46C2C412BA99D9E000B3590 /* TodoListView.swift */ = {isa = PBXFileReference; lastKnownFileType = sourcecode.swift; path = TodoListView.swift; sourceTree = "<group>"; };
		B46C2C432BA9A0EE000B3590 /* FinishTodoView.swift */ = {isa = PBXFileReference; lastKnownFileType = sourcecode.swift; path = FinishTodoView.swift; sourceTree = "<group>"; };
		B46C2C482BA9AACD000B3590 /* StackRouter.swift */ = {isa = PBXFileReference; lastKnownFileType = sourcecode.swift; path = StackRouter.swift; sourceTree = "<group>"; };
		B46C2C4A2BA9D03A000B3590 /* SocialPost.swift */ = {isa = PBXFileReference; lastKnownFileType = sourcecode.swift; path = SocialPost.swift; sourceTree = "<group>"; };
		B46C2C4D2BA9D6EC000B3590 /* FeedView.swift */ = {isa = PBXFileReference; lastKnownFileType = sourcecode.swift; path = FeedView.swift; sourceTree = "<group>"; };
		B4BFAE882BBD983C0076B0F3 /* Info.plist */ = {isa = PBXFileReference; lastKnownFileType = text.plist; path = Info.plist; sourceTree = "<group>"; };
		B4BFAE892BBD99FF0076B0F3 /* AdManager.swift */ = {isa = PBXFileReference; lastKnownFileType = sourcecode.swift; path = AdManager.swift; sourceTree = "<group>"; };
/* End PBXFileReference section */

/* Begin PBXFrameworksBuildPhase section */
		B40AC74F2BA080F800D81D13 /* Frameworks */ = {
			isa = PBXFrameworksBuildPhase;
			buildActionMask = 2147483647;
			files = (
				B40AC7732BA0870300D81D13 /* FirebaseMessaging in Frameworks */,
				6FC825AF2BC816F000799F52 /* Lottie in Frameworks */,
				B40AC7672BA0870300D81D13 /* FirebaseAppCheck in Frameworks */,
				B40AC7752BA0870300D81D13 /* FirebasePerformance in Frameworks */,
				B40AC7712BA0870300D81D13 /* FirebaseFunctions in Frameworks */,
				B40AC76B2BA0870300D81D13 /* FirebaseCrashlytics in Frameworks */,
				B4BFAE872BBD982E0076B0F3 /* GoogleMobileAds in Frameworks */,
				B40AC7692BA0870300D81D13 /* FirebaseAuth in Frameworks */,
				B40EEDDE2BAB1A35001034E6 /* SFSafeSymbols in Frameworks */,
				B40AC7652BA0870300D81D13 /* FirebaseAnalytics in Frameworks */,
				B40AC76D2BA0870300D81D13 /* FirebaseDynamicLinks in Frameworks */,
				6FC825BE2BC8386B00799F52 /* AnimateText in Frameworks */,
				B40AC7792BA0870300D81D13 /* FirebaseStorage in Frameworks */,
				B40AC76F2BA0870300D81D13 /* FirebaseFirestore in Frameworks */,
				B40AC7772BA0870300D81D13 /* FirebaseRemoteConfig in Frameworks */,
			);
			runOnlyForDeploymentPostprocessing = 0;
		};
/* End PBXFrameworksBuildPhase section */

/* Begin PBXGroup section */
		6F2930DF2BDAAE0000A8EA4F /* TabViews */ = {
			isa = PBXGroup;
			children = (
				B46C2C412BA99D9E000B3590 /* TodoListView.swift */,
				B46C2C4D2BA9D6EC000B3590 /* FeedView.swift */,
				B43AAAAF2BA1FA45006C18AB /* UserListView.swift */,
				6F2930E02BDAAE3500A8EA4F /* HomePageView.swift */,
			);
			path = TabViews;
			sourceTree = "<group>";
		};
		6F6E586F2BD6A74400197BFA /* Shapes */ = {
			isa = PBXGroup;
			children = (
				6F6E58702BD6A7AB00197BFA /* WavesFilled.swift */,
				6F6E58722BD6A7BA00197BFA /* WavesAnimated.swift */,
				6F6E58742BD6A7D400197BFA /* WavesOverlapping.swift */,
				6F6E58762BD6A80300197BFA /* Wave.swift */,
			);
			path = Shapes;
			sourceTree = "<group>";
		};
		6FC825AA2BC811C200799F52 /* Animations */ = {
			isa = PBXGroup;
			children = (
				6FC825AB2BC811F600799F52 /* TypingAnimationView.swift */,
				6FC825B22BC82AF800799F52 /* Lottie.swift */,
				6FC825BA2BC831BE00799F52 /* BackgroundModifier.swift */,
			);
			path = Animations;
			sourceTree = "<group>";
		};
		B40AC7492BA080F800D81D13 = {
			isa = PBXGroup;
			children = (
				B40AC7542BA080F800D81D13 /* SocialDoo */,
				B40AC7532BA080F800D81D13 /* Products */,
			);
			sourceTree = "<group>";
		};
		B40AC7532BA080F800D81D13 /* Products */ = {
			isa = PBXGroup;
			children = (
				B40AC7522BA080F800D81D13 /* SocialDoo.app */,
			);
			name = Products;
			sourceTree = "<group>";
		};
		B40AC7542BA080F800D81D13 /* SocialDoo */ = {
			isa = PBXGroup;
			children = (
				B4BFAE882BBD983C0076B0F3 /* Info.plist */,
				B43AAAA52BA1F6BE006C18AB /* Code */,
				B43AAAA62BA1F6C3006C18AB /* Resource */,
			);
			path = SocialDoo;
			sourceTree = "<group>";
		};
		B40AC75B2BA080F800D81D13 /* Preview Content */ = {
			isa = PBXGroup;
			children = (
				B40AC75C2BA080F800D81D13 /* Preview Assets.xcassets */,
			);
			path = "Preview Content";
			sourceTree = "<group>";
		};
		B43AAAA52BA1F6BE006C18AB /* Code */ = {
			isa = PBXGroup;
			children = (
				B40AC7552BA080F800D81D13 /* SocialDooApp.swift */,
				B43AAAA82BA1F6DF006C18AB /* General */,
				B43AAAA72BA1F6DC006C18AB /* UI */,
			);
			path = Code;
			sourceTree = "<group>";
		};
		B43AAAA62BA1F6C3006C18AB /* Resource */ = {
			isa = PBXGroup;
			children = (
				B40AC7592BA080F800D81D13 /* Assets.xcassets */,
				6F6795A22BC87E2900937E8A /* Lottie4.json */,
				6F49CF952BE37441003AD329 /* Lottie5.json */,
				6F49CF972BE3745D003AD329 /* Lottie6.json */,
				6F2930E22BE24B8100A8EA4F /* Lottie7.json */,
				6FC825B62BC82B7C00799F52 /* Lottie1.json */,
				6FC825B42BC82B7C00799F52 /* Lottie2.json */,
				6FC825B52BC82B7C00799F52 /* Lottie3.json */,
				B43AAAA12BA1E3A7006C18AB /* GoogleService-Info.plist */,
				B40AC75B2BA080F800D81D13 /* Preview Content */,
			);
			path = Resource;
			sourceTree = "<group>";
		};
		B43AAAA72BA1F6DC006C18AB /* UI */ = {
			isa = PBXGroup;
			children = (
				6F2930DF2BDAAE0000A8EA4F /* TabViews */,
				6F6E586F2BD6A74400197BFA /* Shapes */,
				6FC825AA2BC811C200799F52 /* Animations */,
				B46C2C4C2BA9D6DD000B3590 /* Feed */,
				B46C2C472BA9AAC4000B3590 /* Router */,
				B46C2C402BA99D94000B3590 /* Todos */,
				B43AAAB52BA20098006C18AB /* Profile */,
				B43AAAB42BA20090006C18AB /* UserList */,
				B43AAAB32BA20088006C18AB /* Onboarding */,
				B43AAAAB2BA1F6FE006C18AB /* RootView.swift */,
				B40EEDDA2BAB1961001034E6 /* Practise.swift */,
			);
			path = UI;
			sourceTree = "<group>";
		};
		B43AAAA82BA1F6DF006C18AB /* General */ = {
			isa = PBXGroup;
			children = (
				B46C2C3C2BA99C5E000B3590 /* Database */,
				B43AAAAE2BA1F958006C18AB /* Entities */,
				B43AAAAD2BA1F949006C18AB /* Manager */,
			);
			path = General;
			sourceTree = "<group>";
		};
		B43AAAAD2BA1F949006C18AB /* Manager */ = {
			isa = PBXGroup;
			children = (
				B40AC77A2BA087D600D81D13 /* UserManager.swift */,
				B4BFAE892BBD99FF0076B0F3 /* AdManager.swift */,
			);
			path = Manager;
			sourceTree = "<group>";
		};
		B43AAAAE2BA1F958006C18AB /* Entities */ = {
			isa = PBXGroup;
			children = (
				B43AAAA32BA1EA7C006C18AB /* SocialUser.swift */,
				B46C2C4A2BA9D03A000B3590 /* SocialPost.swift */,
			);
			path = Entities;
			sourceTree = "<group>";
		};
		B43AAAB32BA20088006C18AB /* Onboarding */ = {
			isa = PBXGroup;
			children = (
				B43AAAA92BA1F6F6006C18AB /* OnboardingView.swift */,
				6F6795A02BC87C9E00937E8A /* SplashScreenView.swift */,
			);
			path = Onboarding;
			sourceTree = "<group>";
		};
		B43AAAB42BA20090006C18AB /* UserList */ = {
			isa = PBXGroup;
			children = (
			);
			path = UserList;
			sourceTree = "<group>";
		};
		B43AAAB52BA20098006C18AB /* Profile */ = {
			isa = PBXGroup;
			children = (
				B43AAAB12BA20083006C18AB /* ProfileView.swift */,
			);
			path = Profile;
			sourceTree = "<group>";
		};
		B46C2C3C2BA99C5E000B3590 /* Database */ = {
			isa = PBXGroup;
			children = (
				B46C2C3D2BA99C68000B3590 /* Models */,
			);
			path = Database;
			sourceTree = "<group>";
		};
		B46C2C3D2BA99C68000B3590 /* Models */ = {
			isa = PBXGroup;
			children = (
				B46C2C3E2BA99C6F000B3590 /* Todo.swift */,
			);
			path = Models;
			sourceTree = "<group>";
		};
		B46C2C402BA99D94000B3590 /* Todos */ = {
			isa = PBXGroup;
			children = (
				B46C2C432BA9A0EE000B3590 /* FinishTodoView.swift */,
			);
			path = Todos;
			sourceTree = "<group>";
		};
		B46C2C472BA9AAC4000B3590 /* Router */ = {
			isa = PBXGroup;
			children = (
				B46C2C482BA9AACD000B3590 /* StackRouter.swift */,
			);
			path = Router;
			sourceTree = "<group>";
		};
		B46C2C4C2BA9D6DD000B3590 /* Feed */ = {
			isa = PBXGroup;
			children = (
				B40EEDD82BAAEE83001034E6 /* FeedViewModel.swift */,
				B40EEDD42BAAEE65001034E6 /* PostView.swift */,
			);
			path = Feed;
			sourceTree = "<group>";
		};
/* End PBXGroup section */

/* Begin PBXNativeTarget section */
		B40AC7512BA080F800D81D13 /* SocialDoo */ = {
			isa = PBXNativeTarget;
			buildConfigurationList = B40AC7602BA080F800D81D13 /* Build configuration list for PBXNativeTarget "SocialDoo" */;
			buildPhases = (
				B40AC74E2BA080F800D81D13 /* Sources */,
				B40AC74F2BA080F800D81D13 /* Frameworks */,
				B40AC7502BA080F800D81D13 /* Resources */,
			);
			buildRules = (
			);
			dependencies = (
			);
			name = SocialDoo;
			packageProductDependencies = (
				B40AC7642BA0870300D81D13 /* FirebaseAnalytics */,
				B40AC7662BA0870300D81D13 /* FirebaseAppCheck */,
				B40AC7682BA0870300D81D13 /* FirebaseAuth */,
				B40AC76A2BA0870300D81D13 /* FirebaseCrashlytics */,
				B40AC76C2BA0870300D81D13 /* FirebaseDynamicLinks */,
				B40AC76E2BA0870300D81D13 /* FirebaseFirestore */,
				B40AC7702BA0870300D81D13 /* FirebaseFunctions */,
				B40AC7722BA0870300D81D13 /* FirebaseMessaging */,
				B40AC7742BA0870300D81D13 /* FirebasePerformance */,
				B40AC7762BA0870300D81D13 /* FirebaseRemoteConfig */,
				B40AC7782BA0870300D81D13 /* FirebaseStorage */,
				B40EEDDD2BAB1A35001034E6 /* SFSafeSymbols */,
				B4BFAE862BBD982E0076B0F3 /* GoogleMobileAds */,
				6FC825AE2BC816F000799F52 /* Lottie */,
				6FC825BD2BC8386B00799F52 /* AnimateText */,
			);
			productName = SocialDoo;
			productReference = B40AC7522BA080F800D81D13 /* SocialDoo.app */;
			productType = "com.apple.product-type.application";
		};
/* End PBXNativeTarget section */

/* Begin PBXProject section */
		B40AC74A2BA080F800D81D13 /* Project object */ = {
			isa = PBXProject;
			attributes = {
				BuildIndependentTargetsInParallel = 1;
				LastSwiftUpdateCheck = 1510;
				LastUpgradeCheck = 1510;
				TargetAttributes = {
					B40AC7512BA080F800D81D13 = {
						CreatedOnToolsVersion = 15.1;
					};
				};
			};
			buildConfigurationList = B40AC74D2BA080F800D81D13 /* Build configuration list for PBXProject "SocialDoo" */;
			compatibilityVersion = "Xcode 14.0";
			developmentRegion = en;
			hasScannedForEncodings = 0;
			knownRegions = (
				en,
				Base,
			);
			mainGroup = B40AC7492BA080F800D81D13;
			packageReferences = (
				B40AC7632BA0870300D81D13 /* XCRemoteSwiftPackageReference "firebase-ios-sdk" */,
				B40EEDDC2BAB1A35001034E6 /* XCRemoteSwiftPackageReference "SFSafeSymbols" */,
				B4BFAE852BBD982E0076B0F3 /* XCRemoteSwiftPackageReference "swift-package-manager-google-mobile-ads" */,
				6FC825AD2BC816F000799F52 /* XCRemoteSwiftPackageReference "lottie-ios" */,
				6FC825BC2BC8386B00799F52 /* XCRemoteSwiftPackageReference "AnimateText" */,
			);
			productRefGroup = B40AC7532BA080F800D81D13 /* Products */;
			projectDirPath = "";
			projectRoot = "";
			targets = (
				B40AC7512BA080F800D81D13 /* SocialDoo */,
			);
		};
/* End PBXProject section */

/* Begin PBXResourcesBuildPhase section */
		B40AC7502BA080F800D81D13 /* Resources */ = {
			isa = PBXResourcesBuildPhase;
			buildActionMask = 2147483647;
			files = (
				6FC825B72BC82B7C00799F52 /* Lottie2.json in Resources */,
				6F49CF982BE3745D003AD329 /* Lottie6.json in Resources */,
				6FC825B82BC82B7C00799F52 /* Lottie3.json in Resources */,
				6F6795A32BC87E2900937E8A /* Lottie4.json in Resources */,
				B43AAAA22BA1E3A7006C18AB /* GoogleService-Info.plist in Resources */,
				6F2930E32BE24B8100A8EA4F /* Lottie7.json in Resources */,
				6F49CF962BE37441003AD329 /* Lottie5.json in Resources */,
				B40AC75D2BA080F800D81D13 /* Preview Assets.xcassets in Resources */,
				6FC825B92BC82B7C00799F52 /* Lottie1.json in Resources */,
				B40AC75A2BA080F800D81D13 /* Assets.xcassets in Resources */,
			);
			runOnlyForDeploymentPostprocessing = 0;
		};
/* End PBXResourcesBuildPhase section */

/* Begin PBXSourcesBuildPhase section */
		B40AC74E2BA080F800D81D13 /* Sources */ = {
			isa = PBXSourcesBuildPhase;
			buildActionMask = 2147483647;
			files = (
				B40EEDD52BAAEE65001034E6 /* PostView.swift in Sources */,
				B40AC77B2BA087D600D81D13 /* UserManager.swift in Sources */,
				B46C2C442BA9A0EE000B3590 /* FinishTodoView.swift in Sources */,
				6F6E58732BD6A7BA00197BFA /* WavesAnimated.swift in Sources */,
				B43AAAB02BA1FA45006C18AB /* UserListView.swift in Sources */,
				B40EEDDB2BAB1961001034E6 /* Practise.swift in Sources */,
				6F6E58772BD6A80300197BFA /* Wave.swift in Sources */,
				6F6E58752BD6A7D400197BFA /* WavesOverlapping.swift in Sources */,
				B43AAAA42BA1EA7C006C18AB /* SocialUser.swift in Sources */,
				B40EEDD92BAAEE83001034E6 /* FeedViewModel.swift in Sources */,
				6FC825B32BC82AF800799F52 /* Lottie.swift in Sources */,
				B46C2C4B2BA9D03A000B3590 /* SocialPost.swift in Sources */,
				B46C2C3F2BA99C6F000B3590 /* Todo.swift in Sources */,
				B4BFAE8A2BBD99FF0076B0F3 /* AdManager.swift in Sources */,
				6F2930E12BDAAE3500A8EA4F /* HomePageView.swift in Sources */,
				6FC825AC2BC811F600799F52 /* TypingAnimationView.swift in Sources */,
				B43AAAAC2BA1F6FE006C18AB /* RootView.swift in Sources */,
				B46C2C422BA99D9E000B3590 /* TodoListView.swift in Sources */,
				6F6795A12BC87C9E00937E8A /* SplashScreenView.swift in Sources */,
				B43AAAAA2BA1F6F6006C18AB /* OnboardingView.swift in Sources */,
				B43AAAB22BA20083006C18AB /* ProfileView.swift in Sources */,
				B46C2C4E2BA9D6EC000B3590 /* FeedView.swift in Sources */,
				B46C2C492BA9AACD000B3590 /* StackRouter.swift in Sources */,
				6FC825BB2BC831BE00799F52 /* BackgroundModifier.swift in Sources */,
				6F6E58712BD6A7AB00197BFA /* WavesFilled.swift in Sources */,
				B40AC7562BA080F800D81D13 /* SocialDooApp.swift in Sources */,
			);
			runOnlyForDeploymentPostprocessing = 0;
		};
/* End PBXSourcesBuildPhase section */

/* Begin XCBuildConfiguration section */
		B40AC75E2BA080F800D81D13 /* Debug */ = {
			isa = XCBuildConfiguration;
			buildSettings = {
				ALWAYS_SEARCH_USER_PATHS = NO;
				ASSETCATALOG_COMPILER_GENERATE_SWIFT_ASSET_SYMBOL_EXTENSIONS = YES;
				CLANG_ANALYZER_NONNULL = YES;
				CLANG_ANALYZER_NUMBER_OBJECT_CONVERSION = YES_AGGRESSIVE;
				CLANG_CXX_LANGUAGE_STANDARD = "gnu++20";
				CLANG_ENABLE_MODULES = YES;
				CLANG_ENABLE_OBJC_ARC = YES;
				CLANG_ENABLE_OBJC_WEAK = YES;
				CLANG_WARN_BLOCK_CAPTURE_AUTORELEASING = YES;
				CLANG_WARN_BOOL_CONVERSION = YES;
				CLANG_WARN_COMMA = YES;
				CLANG_WARN_CONSTANT_CONVERSION = YES;
				CLANG_WARN_DEPRECATED_OBJC_IMPLEMENTATIONS = YES;
				CLANG_WARN_DIRECT_OBJC_ISA_USAGE = YES_ERROR;
				CLANG_WARN_DOCUMENTATION_COMMENTS = YES;
				CLANG_WARN_EMPTY_BODY = YES;
				CLANG_WARN_ENUM_CONVERSION = YES;
				CLANG_WARN_INFINITE_RECURSION = YES;
				CLANG_WARN_INT_CONVERSION = YES;
				CLANG_WARN_NON_LITERAL_NULL_CONVERSION = YES;
				CLANG_WARN_OBJC_IMPLICIT_RETAIN_SELF = YES;
				CLANG_WARN_OBJC_LITERAL_CONVERSION = YES;
				CLANG_WARN_OBJC_ROOT_CLASS = YES_ERROR;
				CLANG_WARN_QUOTED_INCLUDE_IN_FRAMEWORK_HEADER = YES;
				CLANG_WARN_RANGE_LOOP_ANALYSIS = YES;
				CLANG_WARN_STRICT_PROTOTYPES = YES;
				CLANG_WARN_SUSPICIOUS_MOVE = YES;
				CLANG_WARN_UNGUARDED_AVAILABILITY = YES_AGGRESSIVE;
				CLANG_WARN_UNREACHABLE_CODE = YES;
				CLANG_WARN__DUPLICATE_METHOD_MATCH = YES;
				COPY_PHASE_STRIP = NO;
				DEBUG_INFORMATION_FORMAT = dwarf;
				ENABLE_STRICT_OBJC_MSGSEND = YES;
				ENABLE_TESTABILITY = YES;
				ENABLE_USER_SCRIPT_SANDBOXING = YES;
				GCC_C_LANGUAGE_STANDARD = gnu17;
				GCC_DYNAMIC_NO_PIC = NO;
				GCC_NO_COMMON_BLOCKS = YES;
				GCC_OPTIMIZATION_LEVEL = 0;
				GCC_PREPROCESSOR_DEFINITIONS = (
					"DEBUG=1",
					"$(inherited)",
				);
				GCC_WARN_64_TO_32_BIT_CONVERSION = YES;
				GCC_WARN_ABOUT_RETURN_TYPE = YES_ERROR;
				GCC_WARN_UNDECLARED_SELECTOR = YES;
				GCC_WARN_UNINITIALIZED_AUTOS = YES_AGGRESSIVE;
				GCC_WARN_UNUSED_FUNCTION = YES;
				GCC_WARN_UNUSED_VARIABLE = YES;
				IPHONEOS_DEPLOYMENT_TARGET = 17.2;
				LOCALIZATION_PREFERS_STRING_CATALOGS = YES;
				MTL_ENABLE_DEBUG_INFO = INCLUDE_SOURCE;
				MTL_FAST_MATH = YES;
				ONLY_ACTIVE_ARCH = YES;
				SDKROOT = iphoneos;
				SWIFT_ACTIVE_COMPILATION_CONDITIONS = "DEBUG $(inherited)";
				SWIFT_OPTIMIZATION_LEVEL = "-Onone";
			};
			name = Debug;
		};
		B40AC75F2BA080F800D81D13 /* Release */ = {
			isa = XCBuildConfiguration;
			buildSettings = {
				ALWAYS_SEARCH_USER_PATHS = NO;
				ASSETCATALOG_COMPILER_GENERATE_SWIFT_ASSET_SYMBOL_EXTENSIONS = YES;
				CLANG_ANALYZER_NONNULL = YES;
				CLANG_ANALYZER_NUMBER_OBJECT_CONVERSION = YES_AGGRESSIVE;
				CLANG_CXX_LANGUAGE_STANDARD = "gnu++20";
				CLANG_ENABLE_MODULES = YES;
				CLANG_ENABLE_OBJC_ARC = YES;
				CLANG_ENABLE_OBJC_WEAK = YES;
				CLANG_WARN_BLOCK_CAPTURE_AUTORELEASING = YES;
				CLANG_WARN_BOOL_CONVERSION = YES;
				CLANG_WARN_COMMA = YES;
				CLANG_WARN_CONSTANT_CONVERSION = YES;
				CLANG_WARN_DEPRECATED_OBJC_IMPLEMENTATIONS = YES;
				CLANG_WARN_DIRECT_OBJC_ISA_USAGE = YES_ERROR;
				CLANG_WARN_DOCUMENTATION_COMMENTS = YES;
				CLANG_WARN_EMPTY_BODY = YES;
				CLANG_WARN_ENUM_CONVERSION = YES;
				CLANG_WARN_INFINITE_RECURSION = YES;
				CLANG_WARN_INT_CONVERSION = YES;
				CLANG_WARN_NON_LITERAL_NULL_CONVERSION = YES;
				CLANG_WARN_OBJC_IMPLICIT_RETAIN_SELF = YES;
				CLANG_WARN_OBJC_LITERAL_CONVERSION = YES;
				CLANG_WARN_OBJC_ROOT_CLASS = YES_ERROR;
				CLANG_WARN_QUOTED_INCLUDE_IN_FRAMEWORK_HEADER = YES;
				CLANG_WARN_RANGE_LOOP_ANALYSIS = YES;
				CLANG_WARN_STRICT_PROTOTYPES = YES;
				CLANG_WARN_SUSPICIOUS_MOVE = YES;
				CLANG_WARN_UNGUARDED_AVAILABILITY = YES_AGGRESSIVE;
				CLANG_WARN_UNREACHABLE_CODE = YES;
				CLANG_WARN__DUPLICATE_METHOD_MATCH = YES;
				COPY_PHASE_STRIP = NO;
				DEBUG_INFORMATION_FORMAT = "dwarf-with-dsym";
				ENABLE_NS_ASSERTIONS = NO;
				ENABLE_STRICT_OBJC_MSGSEND = YES;
				ENABLE_USER_SCRIPT_SANDBOXING = YES;
				GCC_C_LANGUAGE_STANDARD = gnu17;
				GCC_NO_COMMON_BLOCKS = YES;
				GCC_WARN_64_TO_32_BIT_CONVERSION = YES;
				GCC_WARN_ABOUT_RETURN_TYPE = YES_ERROR;
				GCC_WARN_UNDECLARED_SELECTOR = YES;
				GCC_WARN_UNINITIALIZED_AUTOS = YES_AGGRESSIVE;
				GCC_WARN_UNUSED_FUNCTION = YES;
				GCC_WARN_UNUSED_VARIABLE = YES;
				IPHONEOS_DEPLOYMENT_TARGET = 17.2;
				LOCALIZATION_PREFERS_STRING_CATALOGS = YES;
				MTL_ENABLE_DEBUG_INFO = NO;
				MTL_FAST_MATH = YES;
				SDKROOT = iphoneos;
				SWIFT_COMPILATION_MODE = wholemodule;
				VALIDATE_PRODUCT = YES;
			};
			name = Release;
		};
		B40AC7612BA080F800D81D13 /* Debug */ = {
			isa = XCBuildConfiguration;
			buildSettings = {
				ASSETCATALOG_COMPILER_APPICON_NAME = AppIcon;
				ASSETCATALOG_COMPILER_GLOBAL_ACCENT_COLOR_NAME = AccentColor;
				CODE_SIGN_STYLE = Automatic;
				CURRENT_PROJECT_VERSION = 1;
				DEVELOPMENT_ASSET_PATHS = "\"SocialDoo/Resource/Preview Content\"";
				DEVELOPMENT_TEAM = 2B8Q7532TK;
				ENABLE_PREVIEWS = YES;
				GENERATE_INFOPLIST_FILE = YES;
				INFOPLIST_FILE = SocialDoo/Info.plist;
				INFOPLIST_KEY_NSCameraUsageDescription = "This app needs camera access to take pictures of your TODOs.";
				INFOPLIST_KEY_UIApplicationSceneManifest_Generation = YES;
				INFOPLIST_KEY_UIApplicationSupportsIndirectInputEvents = YES;
				INFOPLIST_KEY_UILaunchScreen_Generation = YES;
				INFOPLIST_KEY_UISupportedInterfaceOrientations_iPad = "UIInterfaceOrientationPortrait UIInterfaceOrientationPortraitUpsideDown UIInterfaceOrientationLandscapeLeft UIInterfaceOrientationLandscapeRight";
				INFOPLIST_KEY_UISupportedInterfaceOrientations_iPhone = "UIInterfaceOrientationPortrait UIInterfaceOrientationLandscapeLeft UIInterfaceOrientationLandscapeRight";
				IPHONEOS_DEPLOYMENT_TARGET = 17.0;
				LD_RUNPATH_SEARCH_PATHS = (
					"$(inherited)",
					"@executable_path/Frameworks",
				);
				MARKETING_VERSION = 1.0;
				PRODUCT_BUNDLE_IDENTIFIER = at.hagenberg.SocialDoo;
				PRODUCT_NAME = "$(TARGET_NAME)";
				SWIFT_EMIT_LOC_STRINGS = YES;
				SWIFT_VERSION = 5.0;
				TARGETED_DEVICE_FAMILY = "1,2";
			};
			name = Debug;
		};
		B40AC7622BA080F800D81D13 /* Release */ = {
			isa = XCBuildConfiguration;
			buildSettings = {
				ASSETCATALOG_COMPILER_APPICON_NAME = AppIcon;
				ASSETCATALOG_COMPILER_GLOBAL_ACCENT_COLOR_NAME = AccentColor;
				CODE_SIGN_STYLE = Automatic;
				CURRENT_PROJECT_VERSION = 1;
				DEVELOPMENT_ASSET_PATHS = "\"SocialDoo/Resource/Preview Content\"";
				DEVELOPMENT_TEAM = 2B8Q7532TK;
				ENABLE_PREVIEWS = YES;
				GENERATE_INFOPLIST_FILE = YES;
				INFOPLIST_FILE = SocialDoo/Info.plist;
				INFOPLIST_KEY_NSCameraUsageDescription = "This app needs camera access to take pictures of your TODOs.";
				INFOPLIST_KEY_UIApplicationSceneManifest_Generation = YES;
				INFOPLIST_KEY_UIApplicationSupportsIndirectInputEvents = YES;
				INFOPLIST_KEY_UILaunchScreen_Generation = YES;
				INFOPLIST_KEY_UISupportedInterfaceOrientations_iPad = "UIInterfaceOrientationPortrait UIInterfaceOrientationPortraitUpsideDown UIInterfaceOrientationLandscapeLeft UIInterfaceOrientationLandscapeRight";
				INFOPLIST_KEY_UISupportedInterfaceOrientations_iPhone = "UIInterfaceOrientationPortrait UIInterfaceOrientationLandscapeLeft UIInterfaceOrientationLandscapeRight";
				IPHONEOS_DEPLOYMENT_TARGET = 17.0;
				LD_RUNPATH_SEARCH_PATHS = (
					"$(inherited)",
					"@executable_path/Frameworks",
				);
				MARKETING_VERSION = 1.0;
				PRODUCT_BUNDLE_IDENTIFIER = at.hagenberg.SocialDoo;
				PRODUCT_NAME = "$(TARGET_NAME)";
				SWIFT_EMIT_LOC_STRINGS = YES;
				SWIFT_VERSION = 5.0;
				TARGETED_DEVICE_FAMILY = "1,2";
			};
			name = Release;
		};
/* End XCBuildConfiguration section */

/* Begin XCConfigurationList section */
		B40AC74D2BA080F800D81D13 /* Build configuration list for PBXProject "SocialDoo" */ = {
			isa = XCConfigurationList;
			buildConfigurations = (
				B40AC75E2BA080F800D81D13 /* Debug */,
				B40AC75F2BA080F800D81D13 /* Release */,
			);
			defaultConfigurationIsVisible = 0;
			defaultConfigurationName = Release;
		};
		B40AC7602BA080F800D81D13 /* Build configuration list for PBXNativeTarget "SocialDoo" */ = {
			isa = XCConfigurationList;
			buildConfigurations = (
				B40AC7612BA080F800D81D13 /* Debug */,
				B40AC7622BA080F800D81D13 /* Release */,
			);
			defaultConfigurationIsVisible = 0;
			defaultConfigurationName = Release;
		};
/* End XCConfigurationList section */

/* Begin XCRemoteSwiftPackageReference section */
		6FC825AD2BC816F000799F52 /* XCRemoteSwiftPackageReference "lottie-ios" */ = {
			isa = XCRemoteSwiftPackageReference;
			repositoryURL = "http://github.com/airbnb/lottie-ios";
			requirement = {
				kind = upToNextMajorVersion;
				minimumVersion = 4.4.2;
			};
		};
		6FC825BC2BC8386B00799F52 /* XCRemoteSwiftPackageReference "AnimateText" */ = {
			isa = XCRemoteSwiftPackageReference;
			repositoryURL = "https://github.com/jasudev/AnimateText.git";
			requirement = {
				kind = upToNextMajorVersion;
				minimumVersion = 0.5.0;
			};
		};
		B40AC7632BA0870300D81D13 /* XCRemoteSwiftPackageReference "firebase-ios-sdk" */ = {
			isa = XCRemoteSwiftPackageReference;
			repositoryURL = "https://github.com/firebase/firebase-ios-sdk.git";
			requirement = {
				kind = upToNextMajorVersion;
				minimumVersion = 10.22.1;
			};
		};
		B40EEDDC2BAB1A35001034E6 /* XCRemoteSwiftPackageReference "SFSafeSymbols" */ = {
			isa = XCRemoteSwiftPackageReference;
			repositoryURL = "https://github.com/SFSafeSymbols/SFSafeSymbols";
			requirement = {
				kind = upToNextMajorVersion;
				minimumVersion = 5.2.0;
			};
		};
		B4BFAE852BBD982E0076B0F3 /* XCRemoteSwiftPackageReference "swift-package-manager-google-mobile-ads" */ = {
			isa = XCRemoteSwiftPackageReference;
			repositoryURL = "https://github.com/googleads/swift-package-manager-google-mobile-ads.git";
			requirement = {
				kind = upToNextMajorVersion;
				minimumVersion = 11.2.0;
			};
		};
/* End XCRemoteSwiftPackageReference section */

/* Begin XCSwiftPackageProductDependency section */
		6FC825AE2BC816F000799F52 /* Lottie */ = {
			isa = XCSwiftPackageProductDependency;
			package = 6FC825AD2BC816F000799F52 /* XCRemoteSwiftPackageReference "lottie-ios" */;
			productName = Lottie;
		};
		6FC825BD2BC8386B00799F52 /* AnimateText */ = {
			isa = XCSwiftPackageProductDependency;
			package = 6FC825BC2BC8386B00799F52 /* XCRemoteSwiftPackageReference "AnimateText" */;
			productName = AnimateText;
		};
		B40AC7642BA0870300D81D13 /* FirebaseAnalytics */ = {
			isa = XCSwiftPackageProductDependency;
			package = B40AC7632BA0870300D81D13 /* XCRemoteSwiftPackageReference "firebase-ios-sdk" */;
			productName = FirebaseAnalytics;
		};
		B40AC7662BA0870300D81D13 /* FirebaseAppCheck */ = {
			isa = XCSwiftPackageProductDependency;
			package = B40AC7632BA0870300D81D13 /* XCRemoteSwiftPackageReference "firebase-ios-sdk" */;
			productName = FirebaseAppCheck;
		};
		B40AC7682BA0870300D81D13 /* FirebaseAuth */ = {
			isa = XCSwiftPackageProductDependency;
			package = B40AC7632BA0870300D81D13 /* XCRemoteSwiftPackageReference "firebase-ios-sdk" */;
			productName = FirebaseAuth;
		};
		B40AC76A2BA0870300D81D13 /* FirebaseCrashlytics */ = {
			isa = XCSwiftPackageProductDependency;
			package = B40AC7632BA0870300D81D13 /* XCRemoteSwiftPackageReference "firebase-ios-sdk" */;
			productName = FirebaseCrashlytics;
		};
		B40AC76C2BA0870300D81D13 /* FirebaseDynamicLinks */ = {
			isa = XCSwiftPackageProductDependency;
			package = B40AC7632BA0870300D81D13 /* XCRemoteSwiftPackageReference "firebase-ios-sdk" */;
			productName = FirebaseDynamicLinks;
		};
		B40AC76E2BA0870300D81D13 /* FirebaseFirestore */ = {
			isa = XCSwiftPackageProductDependency;
			package = B40AC7632BA0870300D81D13 /* XCRemoteSwiftPackageReference "firebase-ios-sdk" */;
			productName = FirebaseFirestore;
		};
		B40AC7702BA0870300D81D13 /* FirebaseFunctions */ = {
			isa = XCSwiftPackageProductDependency;
			package = B40AC7632BA0870300D81D13 /* XCRemoteSwiftPackageReference "firebase-ios-sdk" */;
			productName = FirebaseFunctions;
		};
		B40AC7722BA0870300D81D13 /* FirebaseMessaging */ = {
			isa = XCSwiftPackageProductDependency;
			package = B40AC7632BA0870300D81D13 /* XCRemoteSwiftPackageReference "firebase-ios-sdk" */;
			productName = FirebaseMessaging;
		};
		B40AC7742BA0870300D81D13 /* FirebasePerformance */ = {
			isa = XCSwiftPackageProductDependency;
			package = B40AC7632BA0870300D81D13 /* XCRemoteSwiftPackageReference "firebase-ios-sdk" */;
			productName = FirebasePerformance;
		};
		B40AC7762BA0870300D81D13 /* FirebaseRemoteConfig */ = {
			isa = XCSwiftPackageProductDependency;
			package = B40AC7632BA0870300D81D13 /* XCRemoteSwiftPackageReference "firebase-ios-sdk" */;
			productName = FirebaseRemoteConfig;
		};
		B40AC7782BA0870300D81D13 /* FirebaseStorage */ = {
			isa = XCSwiftPackageProductDependency;
			package = B40AC7632BA0870300D81D13 /* XCRemoteSwiftPackageReference "firebase-ios-sdk" */;
			productName = FirebaseStorage;
		};
		B40EEDDD2BAB1A35001034E6 /* SFSafeSymbols */ = {
			isa = XCSwiftPackageProductDependency;
			package = B40EEDDC2BAB1A35001034E6 /* XCRemoteSwiftPackageReference "SFSafeSymbols" */;
			productName = SFSafeSymbols;
		};
		B4BFAE862BBD982E0076B0F3 /* GoogleMobileAds */ = {
			isa = XCSwiftPackageProductDependency;
			package = B4BFAE852BBD982E0076B0F3 /* XCRemoteSwiftPackageReference "swift-package-manager-google-mobile-ads" */;
			productName = GoogleMobileAds;
		};
/* End XCSwiftPackageProductDependency section */
	};
	rootObject = B40AC74A2BA080F800D81D13 /* Project object */;
}
